
Microsoft Visual Studio Solution File, Format Version 12.00
# Visual Studio Version 17
VisualStudioVersion = 17.13.35931.197 d17.13
MinimumVisualStudioVersion = 10.0.40219.1
Project("{FAE04EC0-301F-11D3-BF4B-00C04F79EFBC}") = "Products", "Products\Products.csproj", "{5C7AE9E5-3812-45B1-9AD9-73421A175601}"
EndProject
Project("{2150E333-8FDC-42A3-9474-1A3956D46DE8}") = "Core", "Core", "{02EA681E-C7D8-13C7-8484-4AC65E1B71E8}"
EndProject
Project("{2150E333-8FDC-42A3-9474-1A3956D46DE8}") = "Infrastructure", "Infrastructure", "{3FC62F65-B83C-4AAC-9117-DF631776518C}"
EndProject
Project("{FAE04EC0-301F-11D3-BF4B-00C04F79EFBC}") = "Services", "Core\Services\Services.csproj", "{E2D01A03-66AD-42ED-82FE-2C2A887E0F94}"
EndProject
Project("{FAE04EC0-301F-11D3-BF4B-00C04F79EFBC}") = "Domain", "Core\Domain\Domain.csproj", "{C18DE5A6-1E94-4B9B-AF1C-0FD0CBE21CE7}"
EndProject
Project("{FAE04EC0-301F-11D3-BF4B-00C04F79EFBC}") = "Abstraction", "Core\Abstraction\Abstraction.csproj", "{35922097-65A7-492A-9084-7D1EF6AAB686}"
EndProject
Project("{FAE04EC0-301F-11D3-BF4B-00C04F79EFBC}") = "Shared", "Shared\Shared.csproj", "{4820DC97-CD47-4A31-87E9-766D112D1189}"
EndProject
Project("{FAE04EC0-301F-11D3-BF4B-00C04F79EFBC}") = "Persistence", "Infrastructure\Persistence\Persistence.csproj", "{8B789113-FB85-4ECE-AD7C-3F75BEEEB988}"
EndProject
Project("{FAE04EC0-301F-11D3-BF4B-00C04F79EFBC}") = "Presentation", "Infrastructure\Presentation\Presentation.csproj", "{79533B35-26BE-4EF2-85E1-5197B28223B4}"
EndProject
Global
	GlobalSection(SolutionConfigurationPlatforms) = preSolution
		Debug|Any CPU = Debug|Any CPU
		Release|Any CPU = Release|Any CPU
	EndGlobalSection
	GlobalSection(ProjectConfigurationPlatforms) = postSolution
		{5C7AE9E5-3812-45B1-9AD9-73421A175601}.Debug|Any CPU.ActiveCfg = Debug|Any CPU
		{5C7AE9E5-3812-45B1-9AD9-73421A175601}.Debug|Any CPU.Build.0 = Debug|Any CPU
		{5C7AE9E5-3812-45B1-9AD9-73421A175601}.Release|Any CPU.ActiveCfg = Release|Any CPU
		{5C7AE9E5-3812-45B1-9AD9-73421A175601}.Release|Any CPU.Build.0 = Release|Any CPU
		{E2D01A03-66AD-42ED-82FE-2C2A887E0F94}.Debug|Any CPU.ActiveCfg = Debug|Any CPU
		{E2D01A03-66AD-42ED-82FE-2C2A887E0F94}.Debug|Any CPU.Build.0 = Debug|Any CPU
		{E2D01A03-66AD-42ED-82FE-2C2A887E0F94}.Release|Any CPU.ActiveCfg = Release|Any CPU
		{E2D01A03-66AD-42ED-82FE-2C2A887E0F94}.Release|Any CPU.Build.0 = Release|Any CPU
		{C18DE5A6-1E94-4B9B-AF1C-0FD0CBE21CE7}.Debug|Any CPU.ActiveCfg = Debug|Any CPU
		{C18DE5A6-1E94-4B9B-AF1C-0FD0CBE21CE7}.Debug|Any CPU.Build.0 = Debug|Any CPU
		{C18DE5A6-1E94-4B9B-AF1C-0FD0CBE21CE7}.Release|Any CPU.ActiveCfg = Release|Any CPU
		{C18DE5A6-1E94-4B9B-AF1C-0FD0CBE21CE7}.Release|Any CPU.Build.0 = Release|Any CPU
		{35922097-65A7-492A-9084-7D1EF6AAB686}.Debug|Any CPU.ActiveCfg = Debug|Any CPU
		{35922097-65A7-492A-9084-7D1EF6AAB686}.Debug|Any CPU.Build.0 = Debug|Any CPU
		{35922097-65A7-492A-9084-7D1EF6AAB686}.Release|Any CPU.ActiveCfg = Release|Any CPU
		{35922097-65A7-492A-9084-7D1EF6AAB686}.Release|Any CPU.Build.0 = Release|Any CPU
		{4820DC97-CD47-4A31-87E9-766D112D1189}.Debug|Any CPU.ActiveCfg = Debug|Any CPU
		{4820DC97-CD47-4A31-87E9-766D112D1189}.Debug|Any CPU.Build.0 = Debug|Any CPU
		{4820DC97-CD47-4A31-87E9-766D112D1189}.Release|Any CPU.ActiveCfg = Release|Any CPU
		{4820DC97-CD47-4A31-87E9-766D112D1189}.Release|Any CPU.Build.0 = Release|Any CPU
		{8B789113-FB85-4ECE-AD7C-3F75BEEEB988}.Debug|Any CPU.ActiveCfg = Debug|Any CPU
		{8B789113-FB85-4ECE-AD7C-3F75BEEEB988}.Debug|Any CPU.Build.0 = Debug|Any CPU
		{8B789113-FB85-4ECE-AD7C-3F75BEEEB988}.Release|Any CPU.ActiveCfg = Release|Any CPU
		{8B789113-FB85-4ECE-AD7C-3F75BEEEB988}.Release|Any CPU.Build.0 = Release|Any CPU
		{79533B35-26BE-4EF2-85E1-5197B28223B4}.Debug|Any CPU.ActiveCfg = Debug|Any CPU
		{79533B35-26BE-4EF2-85E1-5197B28223B4}.Debug|Any CPU.Build.0 = Debug|Any CPU
		{79533B35-26BE-4EF2-85E1-5197B28223B4}.Release|Any CPU.ActiveCfg = Release|Any CPU
		{79533B35-26BE-4EF2-85E1-5197B28223B4}.Release|Any CPU.Build.0 = Release|Any CPU
	EndGlobalSection
	GlobalSection(SolutionProperties) = preSolution
		HideSolutionNode = FALSE
	EndGlobalSection
	GlobalSection(NestedProjects) = preSolution
		{E2D01A03-66AD-42ED-82FE-2C2A887E0F94} = {02EA681E-C7D8-13C7-8484-4AC65E1B71E8}
		{C18DE5A6-1E94-4B9B-AF1C-0FD0CBE21CE7} = {02EA681E-C7D8-13C7-8484-4AC65E1B71E8}
		{35922097-65A7-492A-9084-7D1EF6AAB686} = {02EA681E-C7D8-13C7-8484-4AC65E1B71E8}
		{8B789113-FB85-4ECE-AD7C-3F75BEEEB988} = {3FC62F65-B83C-4AAC-9117-DF631776518C}
		{79533B35-26BE-4EF2-85E1-5197B28223B4} = {3FC62F65-B83C-4AAC-9117-DF631776518C}
	EndGlobalSection
	GlobalSection(ExtensibilityGlobals) = postSolution
		SolutionGuid = {7F1651E2-BA60-40E8-AA27-E9932BF8DC92}
	EndGlobalSection
EndGlobal
